
Microsoft Visual Studio Solution File, Format Version 12.00
# Visual Studio Version 17
VisualStudioVersion = 17.6.33712.159
MinimumVisualStudioVersion = 10.0.40219.1
Project("{FAE04EC0-301F-11D3-BF4B-00C04F79EFBC}") = "Problem1", "Problem1\Problem1.csproj", "{44AA7CAD-BC08-4241-A30C-0B395CC8B77B}"
EndProject
Project("{FAE04EC0-301F-11D3-BF4B-00C04F79EFBC}") = "Problem2", "Problem2\Problem2.csproj", "{AD12B3AB-2852-4D66-A36D-778D9544F356}"
EndProject
Project("{FAE04EC0-301F-11D3-BF4B-00C04F79EFBC}") = "Problem3", "Problem3\Problem3.csproj", "{9C090ADD-AE1E-4FDD-99FD-F79BA19F9206}"
EndProject
Global
	GlobalSection(SolutionConfigurationPlatforms) = preSolution
		Debug|Any CPU = Debug|Any CPU
		Release|Any CPU = Release|Any CPU
	EndGlobalSection
	GlobalSection(ProjectConfigurationPlatforms) = postSolution
		{44AA7CAD-BC08-4241-A30C-0B395CC8B77B}.Debug|Any CPU.ActiveCfg = Debug|Any CPU
		{44AA7CAD-BC08-4241-A30C-0B395CC8B77B}.Debug|Any CPU.Build.0 = Debug|Any CPU
		{44AA7CAD-BC08-4241-A30C-0B395CC8B77B}.Release|Any CPU.ActiveCfg = Release|Any CPU
		{44AA7CAD-BC08-4241-A30C-0B395CC8B77B}.Release|Any CPU.Build.0 = Release|Any CPU
		{AD12B3AB-2852-4D66-A36D-778D9544F356}.Debug|Any CPU.ActiveCfg = Debug|Any CPU
		{AD12B3AB-2852-4D66-A36D-778D9544F356}.Debug|Any CPU.Build.0 = Debug|Any CPU
		{AD12B3AB-2852-4D66-A36D-778D9544F356}.Release|Any CPU.ActiveCfg = Release|Any CPU
		{AD12B3AB-2852-4D66-A36D-778D9544F356}.Release|Any CPU.Build.0 = Release|Any CPU
		{9C090ADD-AE1E-4FDD-99FD-F79BA19F9206}.Debug|Any CPU.ActiveCfg = Debug|Any CPU
		{9C090ADD-AE1E-4FDD-99FD-F79BA19F9206}.Debug|Any CPU.Build.0 = Debug|Any CPU
		{9C090ADD-AE1E-4FDD-99FD-F79BA19F9206}.Release|Any CPU.ActiveCfg = Release|Any CPU
		{9C090ADD-AE1E-4FDD-99FD-F79BA19F9206}.Release|Any CPU.Build.0 = Release|Any CPU
	EndGlobalSection
	GlobalSection(SolutionProperties) = preSolution
		HideSolutionNode = FALSE
	EndGlobalSection
	GlobalSection(ExtensibilityGlobals) = postSolution
		SolutionGuid = {5149C13C-25D0-4C04-B292-019D1FA878DC}
	EndGlobalSection
EndGlobal
