
Microsoft Visual Studio Solution File, Format Version 12.00
# Visual Studio Version 17
VisualStudioVersion = 17.6.33712.159
MinimumVisualStudioVersion = 10.0.40219.1
Project("{FAE04EC0-301F-11D3-BF4B-00C04F79EFBC}") = "01.ReverseStrings", "01.ReverseStrings\01.ReverseStrings.csproj", "{1EC4F6F9-1A6A-468B-8993-C5687FBCAE68}"
EndProject
Project("{FAE04EC0-301F-11D3-BF4B-00C04F79EFBC}") = "02.RepeatStrings", "02.RepeatStrings\02.RepeatStrings.csproj", "{F616ED80-B3FF-4625-888E-949F22443633}"
EndProject
Project("{FAE04EC0-301F-11D3-BF4B-00C04F79EFBC}") = "03.Substring", "03.Substring\03.Substring.csproj", "{09CBE115-E2C5-45DE-8FE7-BCE7DBD4F02D}"
EndProject
Project("{FAE04EC0-301F-11D3-BF4B-00C04F79EFBC}") = "04.TextFilter", "04.TextFilter\04.TextFilter.csproj", "{560B18EB-9F78-46CA-B25E-0912FED70E9B}"
EndProject
Project("{FAE04EC0-301F-11D3-BF4B-00C04F79EFBC}") = "05.Digits,LettersAndOther", "05.Digits,LettersAndOther\05.Digits,LettersAndOther.csproj", "{77CA9CAD-D95A-41F2-A1C5-4A45C4821B63}"
EndProject
Global
	GlobalSection(SolutionConfigurationPlatforms) = preSolution
		Debug|Any CPU = Debug|Any CPU
		Release|Any CPU = Release|Any CPU
	EndGlobalSection
	GlobalSection(ProjectConfigurationPlatforms) = postSolution
		{1EC4F6F9-1A6A-468B-8993-C5687FBCAE68}.Debug|Any CPU.ActiveCfg = Debug|Any CPU
		{1EC4F6F9-1A6A-468B-8993-C5687FBCAE68}.Debug|Any CPU.Build.0 = Debug|Any CPU
		{1EC4F6F9-1A6A-468B-8993-C5687FBCAE68}.Release|Any CPU.ActiveCfg = Release|Any CPU
		{1EC4F6F9-1A6A-468B-8993-C5687FBCAE68}.Release|Any CPU.Build.0 = Release|Any CPU
		{F616ED80-B3FF-4625-888E-949F22443633}.Debug|Any CPU.ActiveCfg = Debug|Any CPU
		{F616ED80-B3FF-4625-888E-949F22443633}.Debug|Any CPU.Build.0 = Debug|Any CPU
		{F616ED80-B3FF-4625-888E-949F22443633}.Release|Any CPU.ActiveCfg = Release|Any CPU
		{F616ED80-B3FF-4625-888E-949F22443633}.Release|Any CPU.Build.0 = Release|Any CPU
		{09CBE115-E2C5-45DE-8FE7-BCE7DBD4F02D}.Debug|Any CPU.ActiveCfg = Debug|Any CPU
		{09CBE115-E2C5-45DE-8FE7-BCE7DBD4F02D}.Debug|Any CPU.Build.0 = Debug|Any CPU
		{09CBE115-E2C5-45DE-8FE7-BCE7DBD4F02D}.Release|Any CPU.ActiveCfg = Release|Any CPU
		{09CBE115-E2C5-45DE-8FE7-BCE7DBD4F02D}.Release|Any CPU.Build.0 = Release|Any CPU
		{560B18EB-9F78-46CA-B25E-0912FED70E9B}.Debug|Any CPU.ActiveCfg = Debug|Any CPU
		{560B18EB-9F78-46CA-B25E-0912FED70E9B}.Debug|Any CPU.Build.0 = Debug|Any CPU
		{560B18EB-9F78-46CA-B25E-0912FED70E9B}.Release|Any CPU.ActiveCfg = Release|Any CPU
		{560B18EB-9F78-46CA-B25E-0912FED70E9B}.Release|Any CPU.Build.0 = Release|Any CPU
		{77CA9CAD-D95A-41F2-A1C5-4A45C4821B63}.Debug|Any CPU.ActiveCfg = Debug|Any CPU
		{77CA9CAD-D95A-41F2-A1C5-4A45C4821B63}.Debug|Any CPU.Build.0 = Debug|Any CPU
		{77CA9CAD-D95A-41F2-A1C5-4A45C4821B63}.Release|Any CPU.ActiveCfg = Release|Any CPU
		{77CA9CAD-D95A-41F2-A1C5-4A45C4821B63}.Release|Any CPU.Build.0 = Release|Any CPU
	EndGlobalSection
	GlobalSection(SolutionProperties) = preSolution
		HideSolutionNode = FALSE
	EndGlobalSection
	GlobalSection(ExtensibilityGlobals) = postSolution
		SolutionGuid = {F7480470-CD94-4FBB-B1A9-4DF206BCCB9E}
	EndGlobalSection
EndGlobal
