
Microsoft Visual Studio Solution File, Format Version 12.00
# Visual Studio Version 17
VisualStudioVersion = 17.6.33712.159
MinimumVisualStudioVersion = 10.0.40219.1
Project("{9A19103F-16F7-4668-BE54-9A1E7A4F7556}") = "01.Furniture", "01.Furniture\01.Furniture.csproj", "{3CF2C48E-F198-4E0C-9191-3263165D04FA}"
EndProject
Project("{9A19103F-16F7-4668-BE54-9A1E7A4F7556}") = "02.Race", "02.Race\02.Race.csproj", "{5B03CD58-6EAE-4A78-9F19-01C1799C9594}"
EndProject
Project("{9A19103F-16F7-4668-BE54-9A1E7A4F7556}") = "3.SoftUniBarIncome", "3.SoftUniBarIncome\3.SoftUniBarIncome.csproj", "{D58ACD01-E8EB-4028-BD32-661D047B907A}"
EndProject
Project("{FAE04EC0-301F-11D3-BF4B-00C04F79EFBC}") = "QuizTest", "QuizTest\QuizTest.csproj", "{6062FCC9-292F-42EF-8B87-34A85EB2BA5C}"
EndProject
Global
	GlobalSection(SolutionConfigurationPlatforms) = preSolution
		Debug|Any CPU = Debug|Any CPU
		Release|Any CPU = Release|Any CPU
	EndGlobalSection
	GlobalSection(ProjectConfigurationPlatforms) = postSolution
		{3CF2C48E-F198-4E0C-9191-3263165D04FA}.Debug|Any CPU.ActiveCfg = Debug|Any CPU
		{3CF2C48E-F198-4E0C-9191-3263165D04FA}.Debug|Any CPU.Build.0 = Debug|Any CPU
		{3CF2C48E-F198-4E0C-9191-3263165D04FA}.Release|Any CPU.ActiveCfg = Release|Any CPU
		{3CF2C48E-F198-4E0C-9191-3263165D04FA}.Release|Any CPU.Build.0 = Release|Any CPU
		{5B03CD58-6EAE-4A78-9F19-01C1799C9594}.Debug|Any CPU.ActiveCfg = Debug|Any CPU
		{5B03CD58-6EAE-4A78-9F19-01C1799C9594}.Debug|Any CPU.Build.0 = Debug|Any CPU
		{5B03CD58-6EAE-4A78-9F19-01C1799C9594}.Release|Any CPU.ActiveCfg = Release|Any CPU
		{5B03CD58-6EAE-4A78-9F19-01C1799C9594}.Release|Any CPU.Build.0 = Release|Any CPU
		{D58ACD01-E8EB-4028-BD32-661D047B907A}.Debug|Any CPU.ActiveCfg = Debug|Any CPU
		{D58ACD01-E8EB-4028-BD32-661D047B907A}.Debug|Any CPU.Build.0 = Debug|Any CPU
		{D58ACD01-E8EB-4028-BD32-661D047B907A}.Release|Any CPU.ActiveCfg = Release|Any CPU
		{D58ACD01-E8EB-4028-BD32-661D047B907A}.Release|Any CPU.Build.0 = Release|Any CPU
		{6062FCC9-292F-42EF-8B87-34A85EB2BA5C}.Debug|Any CPU.ActiveCfg = Debug|Any CPU
		{6062FCC9-292F-42EF-8B87-34A85EB2BA5C}.Debug|Any CPU.Build.0 = Debug|Any CPU
		{6062FCC9-292F-42EF-8B87-34A85EB2BA5C}.Release|Any CPU.ActiveCfg = Release|Any CPU
		{6062FCC9-292F-42EF-8B87-34A85EB2BA5C}.Release|Any CPU.Build.0 = Release|Any CPU
	EndGlobalSection
	GlobalSection(SolutionProperties) = preSolution
		HideSolutionNode = FALSE
	EndGlobalSection
	GlobalSection(ExtensibilityGlobals) = postSolution
		SolutionGuid = {4DBAA58E-4967-4665-BBAC-FE6B2B5CE048}
	EndGlobalSection
EndGlobal
