
Microsoft Visual Studio Solution File, Format Version 12.00
# Visual Studio Version 17
VisualStudioVersion = 17.6.33712.159
MinimumVisualStudioVersion = 10.0.40219.1
Project("{9A19103F-16F7-4668-BE54-9A1E7A4F7556}") = "01.EncryptSortAndPrintArray", "01.EncryptSortAndPrintArray\01.EncryptSortAndPrintArray.csproj", "{FA95C7D9-7DC1-47EE-B575-CBB5E33945CF}"
EndProject
Project("{9A19103F-16F7-4668-BE54-9A1E7A4F7556}") = "02.PascalTriangle", "02.PascalTriangle\02.PascalTriangle.csproj", "{DC6F6617-86FB-439E-A29B-251CC0A456D4}"
EndProject
Project("{FAE04EC0-301F-11D3-BF4B-00C04F79EFBC}") = "04.FoldAndSum", "04.FoldAndSum\04.FoldAndSum.csproj", "{B9978F33-A1CD-4A02-A2FA-BE70FFA4D8BC}"
EndProject
Global
	GlobalSection(SolutionConfigurationPlatforms) = preSolution
		Debug|Any CPU = Debug|Any CPU
		Release|Any CPU = Release|Any CPU
	EndGlobalSection
	GlobalSection(ProjectConfigurationPlatforms) = postSolution
		{FA95C7D9-7DC1-47EE-B575-CBB5E33945CF}.Debug|Any CPU.ActiveCfg = Debug|Any CPU
		{FA95C7D9-7DC1-47EE-B575-CBB5E33945CF}.Debug|Any CPU.Build.0 = Debug|Any CPU
		{FA95C7D9-7DC1-47EE-B575-CBB5E33945CF}.Release|Any CPU.ActiveCfg = Release|Any CPU
		{FA95C7D9-7DC1-47EE-B575-CBB5E33945CF}.Release|Any CPU.Build.0 = Release|Any CPU
		{DC6F6617-86FB-439E-A29B-251CC0A456D4}.Debug|Any CPU.ActiveCfg = Debug|Any CPU
		{DC6F6617-86FB-439E-A29B-251CC0A456D4}.Debug|Any CPU.Build.0 = Debug|Any CPU
		{DC6F6617-86FB-439E-A29B-251CC0A456D4}.Release|Any CPU.ActiveCfg = Release|Any CPU
		{DC6F6617-86FB-439E-A29B-251CC0A456D4}.Release|Any CPU.Build.0 = Release|Any CPU
		{B9978F33-A1CD-4A02-A2FA-BE70FFA4D8BC}.Debug|Any CPU.ActiveCfg = Debug|Any CPU
		{B9978F33-A1CD-4A02-A2FA-BE70FFA4D8BC}.Debug|Any CPU.Build.0 = Debug|Any CPU
		{B9978F33-A1CD-4A02-A2FA-BE70FFA4D8BC}.Release|Any CPU.ActiveCfg = Release|Any CPU
		{B9978F33-A1CD-4A02-A2FA-BE70FFA4D8BC}.Release|Any CPU.Build.0 = Release|Any CPU
	EndGlobalSection
	GlobalSection(SolutionProperties) = preSolution
		HideSolutionNode = FALSE
	EndGlobalSection
	GlobalSection(ExtensibilityGlobals) = postSolution
		SolutionGuid = {EEA0A027-46CF-4726-A35A-4220A2D0F4E6}
	EndGlobalSection
EndGlobal
