
Microsoft Visual Studio Solution File, Format Version 12.00
# Visual Studio Version 17
VisualStudioVersion = 17.4.33213.308
MinimumVisualStudioVersion = 10.0.40219.1
Project("{9A19103F-16F7-4668-BE54-9A1E7A4F7556}") = "01.SignOfIntegerNumbers", "01.SignOfIntegerNumbers\01.SignOfIntegerNumbers.csproj", "{7B8BC8A2-73BB-4AA3-94E3-9A5BA51D0DB0}"
EndProject
Project("{9A19103F-16F7-4668-BE54-9A1E7A4F7556}") = "02.Grades", "02.Grades\02.Grades.csproj", "{8EC8A0EC-13B7-477F-89B3-C4781A6EBD4D}"
EndProject
Project("{9A19103F-16F7-4668-BE54-9A1E7A4F7556}") = "03.Calculations", "03.Calculations\03.Calculations.csproj", "{D308D001-1380-4F0A-AD29-4AF096CA9F77}"
EndProject
Project("{9A19103F-16F7-4668-BE54-9A1E7A4F7556}") = "04.PrintingTriangle", "04.PrintingTriangle\04.PrintingTriangle.csproj", "{348B3605-A0E3-4CAC-9265-E4440551020E}"
EndProject
Project("{9A19103F-16F7-4668-BE54-9A1E7A4F7556}") = "05.Orders", "05.Orders\05.Orders.csproj", "{ADB0A473-8DB6-49FF-9ED8-E112E7C517C2}"
EndProject
Project("{9A19103F-16F7-4668-BE54-9A1E7A4F7556}") = "06.CalculateRectangleArea", "06.CalculateRectangleArea\06.CalculateRectangleArea.csproj", "{E661FFAA-A1FA-4536-9DFB-2209DBAF9825}"
EndProject
Project("{9A19103F-16F7-4668-BE54-9A1E7A4F7556}") = "07.RepeatString", "07.RepeatString\07.RepeatString.csproj", "{DE23AC76-4CAA-4AE4-B7F3-5C2E385893A5}"
EndProject
Project("{9A19103F-16F7-4668-BE54-9A1E7A4F7556}") = "08.MathPower", "08.MathPower\08.MathPower.csproj", "{FC1605D5-6D38-4AB7-8279-9F5CA52483AA}"
EndProject
Project("{9A19103F-16F7-4668-BE54-9A1E7A4F7556}") = "09.GreaterOfTwoValues", "09.GreaterOfTwoValues\09.GreaterOfTwoValues.csproj", "{B6C8058F-E167-40E7-A4F1-A2239FC09415}"
EndProject
Project("{9A19103F-16F7-4668-BE54-9A1E7A4F7556}") = "10.MultiplyEvensByOdds", "10.MultiplyEvensByOdds\10.MultiplyEvensByOdds.csproj", "{5FECA141-23B9-4FA4-8659-F764387FDFBE}"
EndProject
Project("{FAE04EC0-301F-11D3-BF4B-00C04F79EFBC}") = "11.MathOperations", "11.MathOperations\11.MathOperations.csproj", "{46DA479C-C7A7-4398-BE2B-962BEB780D3A}"
EndProject
Global
	GlobalSection(SolutionConfigurationPlatforms) = preSolution
		Debug|Any CPU = Debug|Any CPU
		Release|Any CPU = Release|Any CPU
	EndGlobalSection
	GlobalSection(ProjectConfigurationPlatforms) = postSolution
		{7B8BC8A2-73BB-4AA3-94E3-9A5BA51D0DB0}.Debug|Any CPU.ActiveCfg = Debug|Any CPU
		{7B8BC8A2-73BB-4AA3-94E3-9A5BA51D0DB0}.Debug|Any CPU.Build.0 = Debug|Any CPU
		{7B8BC8A2-73BB-4AA3-94E3-9A5BA51D0DB0}.Release|Any CPU.ActiveCfg = Release|Any CPU
		{7B8BC8A2-73BB-4AA3-94E3-9A5BA51D0DB0}.Release|Any CPU.Build.0 = Release|Any CPU
		{8EC8A0EC-13B7-477F-89B3-C4781A6EBD4D}.Debug|Any CPU.ActiveCfg = Debug|Any CPU
		{8EC8A0EC-13B7-477F-89B3-C4781A6EBD4D}.Debug|Any CPU.Build.0 = Debug|Any CPU
		{8EC8A0EC-13B7-477F-89B3-C4781A6EBD4D}.Release|Any CPU.ActiveCfg = Release|Any CPU
		{8EC8A0EC-13B7-477F-89B3-C4781A6EBD4D}.Release|Any CPU.Build.0 = Release|Any CPU
		{D308D001-1380-4F0A-AD29-4AF096CA9F77}.Debug|Any CPU.ActiveCfg = Debug|Any CPU
		{D308D001-1380-4F0A-AD29-4AF096CA9F77}.Debug|Any CPU.Build.0 = Debug|Any CPU
		{D308D001-1380-4F0A-AD29-4AF096CA9F77}.Release|Any CPU.ActiveCfg = Release|Any CPU
		{D308D001-1380-4F0A-AD29-4AF096CA9F77}.Release|Any CPU.Build.0 = Release|Any CPU
		{348B3605-A0E3-4CAC-9265-E4440551020E}.Debug|Any CPU.ActiveCfg = Debug|Any CPU
		{348B3605-A0E3-4CAC-9265-E4440551020E}.Debug|Any CPU.Build.0 = Debug|Any CPU
		{348B3605-A0E3-4CAC-9265-E4440551020E}.Release|Any CPU.ActiveCfg = Release|Any CPU
		{348B3605-A0E3-4CAC-9265-E4440551020E}.Release|Any CPU.Build.0 = Release|Any CPU
		{ADB0A473-8DB6-49FF-9ED8-E112E7C517C2}.Debug|Any CPU.ActiveCfg = Debug|Any CPU
		{ADB0A473-8DB6-49FF-9ED8-E112E7C517C2}.Debug|Any CPU.Build.0 = Debug|Any CPU
		{ADB0A473-8DB6-49FF-9ED8-E112E7C517C2}.Release|Any CPU.ActiveCfg = Release|Any CPU
		{ADB0A473-8DB6-49FF-9ED8-E112E7C517C2}.Release|Any CPU.Build.0 = Release|Any CPU
		{E661FFAA-A1FA-4536-9DFB-2209DBAF9825}.Debug|Any CPU.ActiveCfg = Debug|Any CPU
		{E661FFAA-A1FA-4536-9DFB-2209DBAF9825}.Debug|Any CPU.Build.0 = Debug|Any CPU
		{E661FFAA-A1FA-4536-9DFB-2209DBAF9825}.Release|Any CPU.ActiveCfg = Release|Any CPU
		{E661FFAA-A1FA-4536-9DFB-2209DBAF9825}.Release|Any CPU.Build.0 = Release|Any CPU
		{DE23AC76-4CAA-4AE4-B7F3-5C2E385893A5}.Debug|Any CPU.ActiveCfg = Debug|Any CPU
		{DE23AC76-4CAA-4AE4-B7F3-5C2E385893A5}.Debug|Any CPU.Build.0 = Debug|Any CPU
		{DE23AC76-4CAA-4AE4-B7F3-5C2E385893A5}.Release|Any CPU.ActiveCfg = Release|Any CPU
		{DE23AC76-4CAA-4AE4-B7F3-5C2E385893A5}.Release|Any CPU.Build.0 = Release|Any CPU
		{FC1605D5-6D38-4AB7-8279-9F5CA52483AA}.Debug|Any CPU.ActiveCfg = Debug|Any CPU
		{FC1605D5-6D38-4AB7-8279-9F5CA52483AA}.Debug|Any CPU.Build.0 = Debug|Any CPU
		{FC1605D5-6D38-4AB7-8279-9F5CA52483AA}.Release|Any CPU.ActiveCfg = Release|Any CPU
		{FC1605D5-6D38-4AB7-8279-9F5CA52483AA}.Release|Any CPU.Build.0 = Release|Any CPU
		{B6C8058F-E167-40E7-A4F1-A2239FC09415}.Debug|Any CPU.ActiveCfg = Debug|Any CPU
		{B6C8058F-E167-40E7-A4F1-A2239FC09415}.Debug|Any CPU.Build.0 = Debug|Any CPU
		{B6C8058F-E167-40E7-A4F1-A2239FC09415}.Release|Any CPU.ActiveCfg = Release|Any CPU
		{B6C8058F-E167-40E7-A4F1-A2239FC09415}.Release|Any CPU.Build.0 = Release|Any CPU
		{5FECA141-23B9-4FA4-8659-F764387FDFBE}.Debug|Any CPU.ActiveCfg = Debug|Any CPU
		{5FECA141-23B9-4FA4-8659-F764387FDFBE}.Debug|Any CPU.Build.0 = Debug|Any CPU
		{5FECA141-23B9-4FA4-8659-F764387FDFBE}.Release|Any CPU.ActiveCfg = Release|Any CPU
		{5FECA141-23B9-4FA4-8659-F764387FDFBE}.Release|Any CPU.Build.0 = Release|Any CPU
		{46DA479C-C7A7-4398-BE2B-962BEB780D3A}.Debug|Any CPU.ActiveCfg = Debug|Any CPU
		{46DA479C-C7A7-4398-BE2B-962BEB780D3A}.Debug|Any CPU.Build.0 = Debug|Any CPU
		{46DA479C-C7A7-4398-BE2B-962BEB780D3A}.Release|Any CPU.ActiveCfg = Release|Any CPU
		{46DA479C-C7A7-4398-BE2B-962BEB780D3A}.Release|Any CPU.Build.0 = Release|Any CPU
	EndGlobalSection
	GlobalSection(SolutionProperties) = preSolution
		HideSolutionNode = FALSE
	EndGlobalSection
	GlobalSection(ExtensibilityGlobals) = postSolution
		SolutionGuid = {7B9654E6-2442-4C3E-8471-C37647B350B7}
	EndGlobalSection
EndGlobal
